github.com/tenntenn/natureremo v0.4.0 h1:CS1wrlJWJuoXyVhLRIXAEy+Q7qhXOt3d9cmlzlyQOs4=
github.com/tenntenn/natureremo v0.4.0/go.mod h1:RisYZqmaVZ7u59aITVkk7G1JGU2/nmyp47HD011PciE=
golang.org/x/sync v0.1.0 h1:wsuoTGHzEhffawBOhz5CYhcrV4IdKZbEyZjBMuTp12o=
golang.org/x/sync v0.1.0/go.mod h1:RxMgew5VJxzue5/jJTE5uejpjVlOe/izrB70Jof72aM=
